
Microsoft Visual Studio Solution File, Format Version 12.00
# Visual Studio Version 17
VisualStudioVersion = 17.1.32120.378
MinimumVisualStudioVersion = 10.0.40219.1
Project("{9A19103F-16F7-4668-BE54-9A1E7A4F7556}") = "Api", "Api\Api.csproj", "{7EAEEFB1-825B-4223-AFD6-7134D1943F13}"
EndProject
Project("{9A19103F-16F7-4668-BE54-9A1E7A4F7556}") = "ApiTests", "ApiTests\ApiTests.csproj", "{E4920C4C-04F8-4D20-921D-5078C096E6B2}"
EndProject
Project("{2150E333-8FDC-42A3-9474-1A3956D46DE8}") = "Solution Items", "Solution Items", "{DEA73158-E8F0-4885-BB7F-D1CA24CB2C4B}"
	ProjectSection(SolutionItems) = preProject
		.editorconfig = .editorconfig
	EndProjectSection
EndProject
Global
	GlobalSection(SolutionConfigurationPlatforms) = preSolution
		Debug|Any CPU = Debug|Any CPU
		Debug|x64 = Debug|x64
		Debug|x86 = Debug|x86
		Release|Any CPU = Release|Any CPU
		Release|x64 = Release|x64
		Release|x86 = Release|x86
	EndGlobalSection
	GlobalSection(ProjectConfigurationPlatforms) = postSolution
		{7EAEEFB1-825B-4223-AFD6-7134D1943F13}.Debug|Any CPU.ActiveCfg = Debug|Any CPU
		{7EAEEFB1-825B-4223-AFD6-7134D1943F13}.Debug|Any CPU.Build.0 = Debug|Any CPU
		{7EAEEFB1-825B-4223-AFD6-7134D1943F13}.Debug|x64.ActiveCfg = Debug|Any CPU
		{7EAEEFB1-825B-4223-AFD6-7134D1943F13}.Debug|x64.Build.0 = Debug|Any CPU
		{7EAEEFB1-825B-4223-AFD6-7134D1943F13}.Debug|x86.ActiveCfg = Debug|Any CPU
		{7EAEEFB1-825B-4223-AFD6-7134D1943F13}.Debug|x86.Build.0 = Debug|Any CPU
		{7EAEEFB1-825B-4223-AFD6-7134D1943F13}.Release|Any CPU.ActiveCfg = Release|Any CPU
		{7EAEEFB1-825B-4223-AFD6-7134D1943F13}.Release|Any CPU.Build.0 = Release|Any CPU
		{7EAEEFB1-825B-4223-AFD6-7134D1943F13}.Release|x64.ActiveCfg = Release|Any CPU
		{7EAEEFB1-825B-4223-AFD6-7134D1943F13}.Release|x64.Build.0 = Release|Any CPU
		{7EAEEFB1-825B-4223-AFD6-7134D1943F13}.Release|x86.ActiveCfg = Release|Any CPU
		{7EAEEFB1-825B-4223-AFD6-7134D1943F13}.Release|x86.Build.0 = Release|Any CPU
		{E4920C4C-04F8-4D20-921D-5078C096E6B2}.Debug|Any CPU.ActiveCfg = Debug|Any CPU
		{E4920C4C-04F8-4D20-921D-5078C096E6B2}.Debug|Any CPU.Build.0 = Debug|Any CPU
		{E4920C4C-04F8-4D20-921D-5078C096E6B2}.Debug|x64.ActiveCfg = Debug|Any CPU
		{E4920C4C-04F8-4D20-921D-5078C096E6B2}.Debug|x64.Build.0 = Debug|Any CPU
		{E4920C4C-04F8-4D20-921D-5078C096E6B2}.Debug|x86.ActiveCfg = Debug|Any CPU
		{E4920C4C-04F8-4D20-921D-5078C096E6B2}.Debug|x86.Build.0 = Debug|Any CPU
		{E4920C4C-04F8-4D20-921D-5078C096E6B2}.Release|Any CPU.ActiveCfg = Release|Any CPU
		{E4920C4C-04F8-4D20-921D-5078C096E6B2}.Release|Any CPU.Build.0 = Release|Any CPU
		{E4920C4C-04F8-4D20-921D-5078C096E6B2}.Release|x64.ActiveCfg = Release|Any CPU
		{E4920C4C-04F8-4D20-921D-5078C096E6B2}.Release|x64.Build.0 = Release|Any CPU
		{E4920C4C-04F8-4D20-921D-5078C096E6B2}.Release|x86.ActiveCfg = Release|Any CPU
		{E4920C4C-04F8-4D20-921D-5078C096E6B2}.Release|x86.Build.0 = Release|Any CPU
	EndGlobalSection
	GlobalSection(SolutionProperties) = preSolution
		HideSolutionNode = FALSE
	EndGlobalSection
	GlobalSection(ExtensibilityGlobals) = postSolution
		SolutionGuid = {7BE87FF8-AE92-45D6-A960-F04DEB9892FD}
	EndGlobalSection
EndGlobal
